
Microsoft Visual Studio Solution File, Format Version 12.00
# Visual Studio Version 17
VisualStudioVersion = 17.2.32519.379
MinimumVisualStudioVersion = 10.0.40219.1
Project("{9A19103F-16F7-4668-BE54-9A1E7A4F7556}") = "PickRandomCards", "PickRandomCards\PickRandomCards.csproj", "{85C45DF9-A527-4B5B-8CF2-86CFD85C1ED9}"
EndProject
Project("{9A19103F-16F7-4668-BE54-9A1E7A4F7556}") = "PickACardUI", "PickACardUI\PickACardUI.csproj", "{29AC4365-9A15-41C6-B991-849340B43023}"
EndProject
Project("{9A19103F-16F7-4668-BE54-9A1E7A4F7556}") = "DemoCode", "DemoCode\DemoCode.csproj", "{FEC0D0E5-ED77-4610-A1F8-444EC16601C9}"
EndProject
Project("{FAE04EC0-301F-11D3-BF4B-00C04F79EFBC}") = "JoeAndBob", "JoeAndBob\JoeAndBob.csproj", "{B19BD3BB-00D4-4739-8CDF-AE2D9B3D6F9F}"
EndProject
Project("{FAE04EC0-301F-11D3-BF4B-00C04F79EFBC}") = "Casino", "Casino\Casino.csproj", "{10F0B4D9-2C70-4150-90FA-2A1C4614F74C}"
EndProject
Global
	GlobalSection(SolutionConfigurationPlatforms) = preSolution
		Debug|Any CPU = Debug|Any CPU
		Release|Any CPU = Release|Any CPU
	EndGlobalSection
	GlobalSection(ProjectConfigurationPlatforms) = postSolution
		{85C45DF9-A527-4B5B-8CF2-86CFD85C1ED9}.Debug|Any CPU.ActiveCfg = Debug|Any CPU
		{85C45DF9-A527-4B5B-8CF2-86CFD85C1ED9}.Debug|Any CPU.Build.0 = Debug|Any CPU
		{85C45DF9-A527-4B5B-8CF2-86CFD85C1ED9}.Release|Any CPU.ActiveCfg = Release|Any CPU
		{85C45DF9-A527-4B5B-8CF2-86CFD85C1ED9}.Release|Any CPU.Build.0 = Release|Any CPU
		{29AC4365-9A15-41C6-B991-849340B43023}.Debug|Any CPU.ActiveCfg = Debug|Any CPU
		{29AC4365-9A15-41C6-B991-849340B43023}.Debug|Any CPU.Build.0 = Debug|Any CPU
		{29AC4365-9A15-41C6-B991-849340B43023}.Release|Any CPU.ActiveCfg = Release|Any CPU
		{29AC4365-9A15-41C6-B991-849340B43023}.Release|Any CPU.Build.0 = Release|Any CPU
		{FEC0D0E5-ED77-4610-A1F8-444EC16601C9}.Debug|Any CPU.ActiveCfg = Debug|Any CPU
		{FEC0D0E5-ED77-4610-A1F8-444EC16601C9}.Debug|Any CPU.Build.0 = Debug|Any CPU
		{FEC0D0E5-ED77-4610-A1F8-444EC16601C9}.Release|Any CPU.ActiveCfg = Release|Any CPU
		{FEC0D0E5-ED77-4610-A1F8-444EC16601C9}.Release|Any CPU.Build.0 = Release|Any CPU
		{B19BD3BB-00D4-4739-8CDF-AE2D9B3D6F9F}.Debug|Any CPU.ActiveCfg = Debug|Any CPU
		{B19BD3BB-00D4-4739-8CDF-AE2D9B3D6F9F}.Debug|Any CPU.Build.0 = Debug|Any CPU
		{B19BD3BB-00D4-4739-8CDF-AE2D9B3D6F9F}.Release|Any CPU.ActiveCfg = Release|Any CPU
		{B19BD3BB-00D4-4739-8CDF-AE2D9B3D6F9F}.Release|Any CPU.Build.0 = Release|Any CPU
		{10F0B4D9-2C70-4150-90FA-2A1C4614F74C}.Debug|Any CPU.ActiveCfg = Debug|Any CPU
		{10F0B4D9-2C70-4150-90FA-2A1C4614F74C}.Debug|Any CPU.Build.0 = Debug|Any CPU
		{10F0B4D9-2C70-4150-90FA-2A1C4614F74C}.Release|Any CPU.ActiveCfg = Release|Any CPU
		{10F0B4D9-2C70-4150-90FA-2A1C4614F74C}.Release|Any CPU.Build.0 = Release|Any CPU
	EndGlobalSection
	GlobalSection(SolutionProperties) = preSolution
		HideSolutionNode = FALSE
	EndGlobalSection
	GlobalSection(ExtensibilityGlobals) = postSolution
		SolutionGuid = {5CF9075B-798D-43FA-A47D-75527110C55E}
	EndGlobalSection
EndGlobal
